
Microsoft Visual Studio Solution File, Format Version 12.00
# Visual Studio Version 17
VisualStudioVersion = 17.14.36109.1 d17.14
MinimumVisualStudioVersion = 10.0.40219.1
Project("{FAE04EC0-301F-11D3-BF4B-00C04F79EFBC}") = "programas2", "programas2.csproj", "{82130C89-8660-4043-B0ED-DC05AAC285A3}"
EndProject
Project("{FAE04EC0-301F-11D3-BF4B-00C04F79EFBC}") = "AccesoBaseDatos1", "AccesoBaseDatos1 (1)\AccesoBaseDatos1\AccesoBaseDatos1.csproj", "{AB537FDF-C091-469A-8A01-8E1968B3CC24}"
EndProject
Project("{FAE04EC0-301F-11D3-BF4B-00C04F79EFBC}") = "AgendaPersonal", "AgendaPersonal\AgendaPersonal.csproj", "{E9080C0B-6D11-E949-F65B-3F00343F59B9}"
EndProject
Project("{FAE04EC0-301F-11D3-BF4B-00C04F79EFBC}") = "Hilos1", "Hilos1\Hilos1.csproj", "{D791E5F1-66F6-3138-1CB3-19776AF79288}"
EndProject
Project("{FAE04EC0-301F-11D3-BF4B-00C04F79EFBC}") = "InterfacesGraficasinamicas", "InterfacesGraficasinamicas-master\InterfacesGraficasinamicas.csproj", "{3E0675D5-A89A-4642-9BE5-885DCE6406D6}"
EndProject
Project("{FAE04EC0-301F-11D3-BF4B-00C04F79EFBC}") = "interfaz grafica", "interfaz grafica\interfaz grafica.csproj", "{917A93D9-2A2A-4E5A-8E0F-9D3FD11F4B74}"
EndProject
Project("{FAE04EC0-301F-11D3-BF4B-00C04F79EFBC}") = "prueba de botones", "prueba de botones\prueba de botones.csproj", "{38EFF4A2-6A89-41B3-A21E-19B49FF8A55D}"
EndProject
Global
	GlobalSection(SolutionConfigurationPlatforms) = preSolution
		Debug|Any CPU = Debug|Any CPU
		Release|Any CPU = Release|Any CPU
	EndGlobalSection
	GlobalSection(ProjectConfigurationPlatforms) = postSolution
		{82130C89-8660-4043-B0ED-DC05AAC285A3}.Debug|Any CPU.ActiveCfg = Debug|Any CPU
		{82130C89-8660-4043-B0ED-DC05AAC285A3}.Debug|Any CPU.Build.0 = Debug|Any CPU
		{82130C89-8660-4043-B0ED-DC05AAC285A3}.Release|Any CPU.ActiveCfg = Release|Any CPU
		{82130C89-8660-4043-B0ED-DC05AAC285A3}.Release|Any CPU.Build.0 = Release|Any CPU
		{AB537FDF-C091-469A-8A01-8E1968B3CC24}.Debug|Any CPU.ActiveCfg = Debug|Any CPU
		{AB537FDF-C091-469A-8A01-8E1968B3CC24}.Debug|Any CPU.Build.0 = Debug|Any CPU
		{AB537FDF-C091-469A-8A01-8E1968B3CC24}.Release|Any CPU.ActiveCfg = Release|Any CPU
		{AB537FDF-C091-469A-8A01-8E1968B3CC24}.Release|Any CPU.Build.0 = Release|Any CPU
		{E9080C0B-6D11-E949-F65B-3F00343F59B9}.Debug|Any CPU.ActiveCfg = Debug|Any CPU
		{E9080C0B-6D11-E949-F65B-3F00343F59B9}.Debug|Any CPU.Build.0 = Debug|Any CPU
		{E9080C0B-6D11-E949-F65B-3F00343F59B9}.Release|Any CPU.ActiveCfg = Release|Any CPU
		{E9080C0B-6D11-E949-F65B-3F00343F59B9}.Release|Any CPU.Build.0 = Release|Any CPU
		{D791E5F1-66F6-3138-1CB3-19776AF79288}.Debug|Any CPU.ActiveCfg = Debug|Any CPU
		{D791E5F1-66F6-3138-1CB3-19776AF79288}.Debug|Any CPU.Build.0 = Debug|Any CPU
		{D791E5F1-66F6-3138-1CB3-19776AF79288}.Release|Any CPU.ActiveCfg = Release|Any CPU
		{D791E5F1-66F6-3138-1CB3-19776AF79288}.Release|Any CPU.Build.0 = Release|Any CPU
		{3E0675D5-A89A-4642-9BE5-885DCE6406D6}.Debug|Any CPU.ActiveCfg = Debug|Any CPU
		{3E0675D5-A89A-4642-9BE5-885DCE6406D6}.Debug|Any CPU.Build.0 = Debug|Any CPU
		{3E0675D5-A89A-4642-9BE5-885DCE6406D6}.Release|Any CPU.ActiveCfg = Release|Any CPU
		{3E0675D5-A89A-4642-9BE5-885DCE6406D6}.Release|Any CPU.Build.0 = Release|Any CPU
		{917A93D9-2A2A-4E5A-8E0F-9D3FD11F4B74}.Debug|Any CPU.ActiveCfg = Debug|Any CPU
		{917A93D9-2A2A-4E5A-8E0F-9D3FD11F4B74}.Debug|Any CPU.Build.0 = Debug|Any CPU
		{917A93D9-2A2A-4E5A-8E0F-9D3FD11F4B74}.Release|Any CPU.ActiveCfg = Release|Any CPU
		{917A93D9-2A2A-4E5A-8E0F-9D3FD11F4B74}.Release|Any CPU.Build.0 = Release|Any CPU
		{38EFF4A2-6A89-41B3-A21E-19B49FF8A55D}.Debug|Any CPU.ActiveCfg = Debug|Any CPU
		{38EFF4A2-6A89-41B3-A21E-19B49FF8A55D}.Debug|Any CPU.Build.0 = Debug|Any CPU
		{38EFF4A2-6A89-41B3-A21E-19B49FF8A55D}.Release|Any CPU.ActiveCfg = Release|Any CPU
		{38EFF4A2-6A89-41B3-A21E-19B49FF8A55D}.Release|Any CPU.Build.0 = Release|Any CPU
	EndGlobalSection
	GlobalSection(SolutionProperties) = preSolution
		HideSolutionNode = FALSE
	EndGlobalSection
	GlobalSection(ExtensibilityGlobals) = postSolution
		SolutionGuid = {BE3CB484-E472-425F-8C8A-33E259AB806D}
	EndGlobalSection
EndGlobal
